// !$*UTF8*$!
{
	archiveVersion = 1;
	classes = {
	};
	objectVersion = 55;
	objects = {

/* Begin PBXBuildFile section */
		336D457314F8ED89DCBA11B6 /* Pods_naverLogin.framework in Frameworks */ = {isa = PBXBuildFile; fileRef = 753931F7EA0524751CAD6B63 /* Pods_naverLogin.framework */; };
		588BD1EF27733BBF001E6BA8 /* AppDelegate.swift in Sources */ = {isa = PBXBuildFile; fileRef = 588BD1EE27733BBF001E6BA8 /* AppDelegate.swift */; };
		588BD1F127733BBF001E6BA8 /* SceneDelegate.swift in Sources */ = {isa = PBXBuildFile; fileRef = 588BD1F027733BBF001E6BA8 /* SceneDelegate.swift */; };
		588BD1F327733BBF001E6BA8 /* LoginViewController.swift in Sources */ = {isa = PBXBuildFile; fileRef = 588BD1F227733BBF001E6BA8 /* LoginViewController.swift */; };
		588BD1F627733BBF001E6BA8 /* Main.storyboard in Resources */ = {isa = PBXBuildFile; fileRef = 588BD1F427733BBF001E6BA8 /* Main.storyboard */; };
		588BD1F827733BBF001E6BA8 /* Assets.xcassets in Resources */ = {isa = PBXBuildFile; fileRef = 588BD1F727733BBF001E6BA8 /* Assets.xcassets */; };
		588BD1FB27733BBF001E6BA8 /* LaunchScreen.storyboard in Resources */ = {isa = PBXBuildFile; fileRef = 588BD1F927733BBF001E6BA8 /* LaunchScreen.storyboard */; };
		58C65029277364E800D252AB /* MainViewController.swift in Sources */ = {isa = PBXBuildFile; fileRef = 58C65028277364E800D252AB /* MainViewController.swift */; };
/* End PBXBuildFile section */

/* Begin PBXFileReference section */
		3F0456120AC31CC6B071B290 /* Pods-naverLogin.release.xcconfig */ = {isa = PBXFileReference; includeInIndex = 1; lastKnownFileType = text.xcconfig; name = "Pods-naverLogin.release.xcconfig"; path = "Target Support Files/Pods-naverLogin/Pods-naverLogin.release.xcconfig"; sourceTree = "<group>"; };
		588BD1EB27733BBF001E6BA8 /* naverLogin.app */ = {isa = PBXFileReference; explicitFileType = wrapper.application; includeInIndex = 0; path = naverLogin.app; sourceTree = BUILT_PRODUCTS_DIR; };
		588BD1EE27733BBF001E6BA8 /* AppDelegate.swift */ = {isa = PBXFileReference; lastKnownFileType = sourcecode.swift; path = AppDelegate.swift; sourceTree = "<group>"; };
		588BD1F027733BBF001E6BA8 /* SceneDelegate.swift */ = {isa = PBXFileReference; lastKnownFileType = sourcecode.swift; path = SceneDelegate.swift; sourceTree = "<group>"; };
		588BD1F227733BBF001E6BA8 /* LoginViewController.swift */ = {isa = PBXFileReference; lastKnownFileType = sourcecode.swift; path = LoginViewController.swift; sourceTree = "<group>"; };
		588BD1F527733BBF001E6BA8 /* Base */ = {isa = PBXFileReference; lastKnownFileType = file.storyboard; name = Base; path = Base.lproj/Main.storyboard; sourceTree = "<group>"; };
		588BD1F727733BBF001E6BA8 /* Assets.xcassets */ = {isa = PBXFileReference; lastKnownFileType = folder.assetcatalog; path = Assets.xcassets; sourceTree = "<group>"; };
		588BD1FA27733BBF001E6BA8 /* Base */ = {isa = PBXFileReference; lastKnownFileType = file.storyboard; name = Base; path = Base.lproj/LaunchScreen.storyboard; sourceTree = "<group>"; };
		588BD1FC27733BBF001E6BA8 /* Info.plist */ = {isa = PBXFileReference; lastKnownFileType = text.plist.xml; path = Info.plist; sourceTree = "<group>"; };
		58C65028277364E800D252AB /* MainViewController.swift */ = {isa = PBXFileReference; lastKnownFileType = sourcecode.swift; path = MainViewController.swift; sourceTree = "<group>"; };
		62034FE2D5A57F44CA23EAF4 /* Pods-naverLogin.debug.xcconfig */ = {isa = PBXFileReference; includeInIndex = 1; lastKnownFileType = text.xcconfig; name = "Pods-naverLogin.debug.xcconfig"; path = "Target Support Files/Pods-naverLogin/Pods-naverLogin.debug.xcconfig"; sourceTree = "<group>"; };
		753931F7EA0524751CAD6B63 /* Pods_naverLogin.framework */ = {isa = PBXFileReference; explicitFileType = wrapper.framework; includeInIndex = 0; path = Pods_naverLogin.framework; sourceTree = BUILT_PRODUCTS_DIR; };
/* End PBXFileReference section */

/* Begin PBXFrameworksBuildPhase section */
		588BD1E827733BBF001E6BA8 /* Frameworks */ = {
			isa = PBXFrameworksBuildPhase;
			buildActionMask = 2147483647;
			files = (
				336D457314F8ED89DCBA11B6 /* Pods_naverLogin.framework in Frameworks */,
			);
			runOnlyForDeploymentPostprocessing = 0;
		};
/* End PBXFrameworksBuildPhase section */

/* Begin PBXGroup section */
		588BD1E227733BBE001E6BA8 = {
			isa = PBXGroup;
			children = (
				588BD1ED27733BBF001E6BA8 /* naverLogin */,
				588BD1EC27733BBF001E6BA8 /* Products */,
				790BF6EB4148479464A7BEB6 /* Pods */,
				89DCCFCED1F94F1B76F2592C /* Frameworks */,
			);
			sourceTree = "<group>";
		};
		588BD1EC27733BBF001E6BA8 /* Products */ = {
			isa = PBXGroup;
			children = (
				588BD1EB27733BBF001E6BA8 /* naverLogin.app */,
			);
			name = Products;
			sourceTree = "<group>";
		};
		588BD1ED27733BBF001E6BA8 /* naverLogin */ = {
			isa = PBXGroup;
			children = (
				588BD1EE27733BBF001E6BA8 /* AppDelegate.swift */,
				588BD1F027733BBF001E6BA8 /* SceneDelegate.swift */,
				588BD1F227733BBF001E6BA8 /* LoginViewController.swift */,
				58C65028277364E800D252AB /* MainViewController.swift */,
				588BD1F427733BBF001E6BA8 /* Main.storyboard */,
				588BD1F727733BBF001E6BA8 /* Assets.xcassets */,
				588BD1F927733BBF001E6BA8 /* LaunchScreen.storyboard */,
				588BD1FC27733BBF001E6BA8 /* Info.plist */,
			);
			path = naverLogin;
			sourceTree = "<group>";
		};
		790BF6EB4148479464A7BEB6 /* Pods */ = {
			isa = PBXGroup;
			children = (
				62034FE2D5A57F44CA23EAF4 /* Pods-naverLogin.debug.xcconfig */,
				3F0456120AC31CC6B071B290 /* Pods-naverLogin.release.xcconfig */,
			);
			path = Pods;
			sourceTree = "<group>";
		};
		89DCCFCED1F94F1B76F2592C /* Frameworks */ = {
			isa = PBXGroup;
			children = (
				753931F7EA0524751CAD6B63 /* Pods_naverLogin.framework */,
			);
			name = Frameworks;
			sourceTree = "<group>";
		};
/* End PBXGroup section */

/* Begin PBXNativeTarget section */
		588BD1EA27733BBF001E6BA8 /* naverLogin */ = {
			isa = PBXNativeTarget;
			buildConfigurationList = 588BD1FF27733BBF001E6BA8 /* Build configuration list for PBXNativeTarget "naverLogin" */;
			buildPhases = (
				3AD654C7C19B9E60782AD7F2 /* [CP] Check Pods Manifest.lock */,
				588BD1E727733BBF001E6BA8 /* Sources */,
				588BD1E827733BBF001E6BA8 /* Frameworks */,
				588BD1E927733BBF001E6BA8 /* Resources */,
				4A5F617C72BDFB794CFE7BCF /* [CP] Embed Pods Frameworks */,
			);
			buildRules = (
			);
			dependencies = (
			);
			name = naverLogin;
			productName = naverLogin;
			productReference = 588BD1EB27733BBF001E6BA8 /* naverLogin.app */;
			productType = "com.apple.product-type.application";
		};
/* End PBXNativeTarget section */

/* Begin PBXProject section */
		588BD1E327733BBE001E6BA8 /* Project object */ = {
			isa = PBXProject;
			attributes = {
				BuildIndependentTargetsInParallel = 1;
				LastSwiftUpdateCheck = 1310;
				LastUpgradeCheck = 1310;
				TargetAttributes = {
					588BD1EA27733BBF001E6BA8 = {
						CreatedOnToolsVersion = 13.1;
					};
				};
			};
			buildConfigurationList = 588BD1E627733BBE001E6BA8 /* Build configuration list for PBXProject "naverLogin" */;
			compatibilityVersion = "Xcode 13.0";
			developmentRegion = en;
			hasScannedForEncodings = 0;
			knownRegions = (
				en,
				Base,
			);
			mainGroup = 588BD1E227733BBE001E6BA8;
			productRefGroup = 588BD1EC27733BBF001E6BA8 /* Products */;
			projectDirPath = "";
			projectRoot = "";
			targets = (
				588BD1EA27733BBF001E6BA8 /* naverLogin */,
			);
		};
/* End PBXProject section */

/* Begin PBXResourcesBuildPhase section */
		588BD1E927733BBF001E6BA8 /* Resources */ = {
			isa = PBXResourcesBuildPhase;
			buildActionMask = 2147483647;
			files = (
				588BD1FB27733BBF001E6BA8 /* LaunchScreen.storyboard in Resources */,
				588BD1F827733BBF001E6BA8 /* Assets.xcassets in Resources */,
				588BD1F627733BBF001E6BA8 /* Main.storyboard in Resources */,
			);
			runOnlyForDeploymentPostprocessing = 0;
		};
/* End PBXResourcesBuildPhase section */

/* Begin PBXShellScriptBuildPhase section */
		3AD654C7C19B9E60782AD7F2 /* [CP] Check Pods Manifest.lock */ = {
			isa = PBXShellScriptBuildPhase;
			buildActionMask = 2147483647;
			files = (
			);
			inputFileListPaths = (
			);
			inputPaths = (
				"${PODS_PODFILE_DIR_PATH}/Podfile.lock",
				"${PODS_ROOT}/Manifest.lock",
			);
			name = "[CP] Check Pods Manifest.lock";
			outputFileListPaths = (
			);
			outputPaths = (
				"$(DERIVED_FILE_DIR)/Pods-naverLogin-checkManifestLockResult.txt",
			);
			runOnlyForDeploymentPostprocessing = 0;
			shellPath = /bin/sh;
			shellScript = "diff \"${PODS_PODFILE_DIR_PATH}/Podfile.lock\" \"${PODS_ROOT}/Manifest.lock\" > /dev/null\nif [ $? != 0 ] ; then\n    # print error to STDERR\n    echo \"error: The sandbox is not in sync with the Podfile.lock. Run 'pod install' or update your CocoaPods installation.\" >&2\n    exit 1\nfi\n# This output is used by Xcode 'outputs' to avoid re-running this script phase.\necho \"SUCCESS\" > \"${SCRIPT_OUTPUT_FILE_0}\"\n";
			showEnvVarsInLog = 0;
		};
		4A5F617C72BDFB794CFE7BCF /* [CP] Embed Pods Frameworks */ = {
			isa = PBXShellScriptBuildPhase;
			buildActionMask = 2147483647;
			files = (
			);
			inputFileListPaths = (
				"${PODS_ROOT}/Target Support Files/Pods-naverLogin/Pods-naverLogin-frameworks-${CONFIGURATION}-input-files.xcfilelist",
			);
			name = "[CP] Embed Pods Frameworks";
			outputFileListPaths = (
				"${PODS_ROOT}/Target Support Files/Pods-naverLogin/Pods-naverLogin-frameworks-${CONFIGURATION}-output-files.xcfilelist",
			);
			runOnlyForDeploymentPostprocessing = 0;
			shellPath = /bin/sh;
			shellScript = "\"${PODS_ROOT}/Target Support Files/Pods-naverLogin/Pods-naverLogin-frameworks.sh\"\n";
			showEnvVarsInLog = 0;
		};
/* End PBXShellScriptBuildPhase section */

/* Begin PBXSourcesBuildPhase section */
		588BD1E727733BBF001E6BA8 /* Sources */ = {
			isa = PBXSourcesBuildPhase;
			buildActionMask = 2147483647;
			files = (
				588BD1F327733BBF001E6BA8 /* LoginViewController.swift in Sources */,
				588BD1EF27733BBF001E6BA8 /* AppDelegate.swift in Sources */,
				588BD1F127733BBF001E6BA8 /* SceneDelegate.swift in Sources */,
				58C65029277364E800D252AB /* MainViewController.swift in Sources */,
			);
			runOnlyForDeploymentPostprocessing = 0;
		};
/* End PBXSourcesBuildPhase section */

/* Begin PBXVariantGroup section */
		588BD1F427733BBF001E6BA8 /* Main.storyboard */ = {
			isa = PBXVariantGroup;
			children = (
				588BD1F527733BBF001E6BA8 /* Base */,
			);
			name = Main.storyboard;
			sourceTree = "<group>";
		};
		588BD1F927733BBF001E6BA8 /* LaunchScreen.storyboard */ = {
			isa = PBXVariantGroup;
			children = (
				588BD1FA27733BBF001E6BA8 /* Base */,
			);
			name = LaunchScreen.storyboard;
			sourceTree = "<group>";
		};
/* End PBXVariantGroup section */

/* Begin XCBuildConfiguration section */
		588BD1FD27733BBF001E6BA8 /* Debug */ = {
			isa = XCBuildConfiguration;
			buildSettings = {
				ALWAYS_EMBED_SWIFT_STANDARD_LIBRARIES = YES;
				ALWAYS_SEARCH_USER_PATHS = NO;
				CLANG_ANALYZER_NONNULL = YES;
				CLANG_ANALYZER_NUMBER_OBJECT_CONVERSION = YES_AGGRESSIVE;
				CLANG_CXX_LANGUAGE_STANDARD = "gnu++17";
				CLANG_CXX_LIBRARY = "libc++";
				CLANG_ENABLE_MODULES = YES;
				CLANG_ENABLE_OBJC_ARC = YES;
				CLANG_ENABLE_OBJC_WEAK = YES;
				CLANG_WARN_BLOCK_CAPTURE_AUTORELEASING = YES;
				CLANG_WARN_BOOL_CONVERSION = YES;
				CLANG_WARN_COMMA = YES;
				CLANG_WARN_CONSTANT_CONVERSION = YES;
				CLANG_WARN_DEPRECATED_OBJC_IMPLEMENTATIONS = YES;
				CLANG_WARN_DIRECT_OBJC_ISA_USAGE = YES_ERROR;
				CLANG_WARN_DOCUMENTATION_COMMENTS = YES;
				CLANG_WARN_EMPTY_BODY = YES;
				CLANG_WARN_ENUM_CONVERSION = YES;
				CLANG_WARN_INFINITE_RECURSION = YES;
				CLANG_WARN_INT_CONVERSION = YES;
				CLANG_WARN_NON_LITERAL_NULL_CONVERSION = YES;
				CLANG_WARN_OBJC_IMPLICIT_RETAIN_SELF = YES;
				CLANG_WARN_OBJC_LITERAL_CONVERSION = YES;
				CLANG_WARN_OBJC_ROOT_CLASS = YES_ERROR;
				CLANG_WARN_QUOTED_INCLUDE_IN_FRAMEWORK_HEADER = YES;
				CLANG_WARN_RANGE_LOOP_ANALYSIS = YES;
				CLANG_WARN_STRICT_PROTOTYPES = YES;
				CLANG_WARN_SUSPICIOUS_MOVE = YES;
				CLANG_WARN_UNGUARDED_AVAILABILITY = YES_AGGRESSIVE;
				CLANG_WARN_UNREACHABLE_CODE = YES;
				CLANG_WARN__DUPLICATE_METHOD_MATCH = YES;
				COPY_PHASE_STRIP = NO;
				DEBUG_INFORMATION_FORMAT = dwarf;
				ENABLE_STRICT_OBJC_MSGSEND = YES;
				ENABLE_TESTABILITY = YES;
				GCC_C_LANGUAGE_STANDARD = gnu11;
				GCC_DYNAMIC_NO_PIC = NO;
				GCC_NO_COMMON_BLOCKS = YES;
				GCC_OPTIMIZATION_LEVEL = 0;
				GCC_PREPROCESSOR_DEFINITIONS = (
					"DEBUG=1",
					"$(inherited)",
				);
				GCC_WARN_64_TO_32_BIT_CONVERSION = YES;
				GCC_WARN_ABOUT_RETURN_TYPE = YES_ERROR;
				GCC_WARN_UNDECLARED_SELECTOR = YES;
				GCC_WARN_UNINITIALIZED_AUTOS = YES_AGGRESSIVE;
				GCC_WARN_UNUSED_FUNCTION = YES;
				GCC_WARN_UNUSED_VARIABLE = YES;
				IPHONEOS_DEPLOYMENT_TARGET = 15.0;
				MTL_ENABLE_DEBUG_INFO = INCLUDE_SOURCE;
				MTL_FAST_MATH = YES;
				ONLY_ACTIVE_ARCH = YES;
				SDKROOT = iphoneos;
				SWIFT_ACTIVE_COMPILATION_CONDITIONS = DEBUG;
				SWIFT_OPTIMIZATION_LEVEL = "-Onone";
				VALIDATE_WORKSPACE = YES;
			};
			name = Debug;
		};
		588BD1FE27733BBF001E6BA8 /* Release */ = {
			isa = XCBuildConfiguration;
			buildSettings = {
				ALWAYS_EMBED_SWIFT_STANDARD_LIBRARIES = YES;
				ALWAYS_SEARCH_USER_PATHS = NO;
				CLANG_ANALYZER_NONNULL = YES;
				CLANG_ANALYZER_NUMBER_OBJECT_CONVERSION = YES_AGGRESSIVE;
				CLANG_CXX_LANGUAGE_STANDARD = "gnu++17";
				CLANG_CXX_LIBRARY = "libc++";
				CLANG_ENABLE_MODULES = YES;
				CLANG_ENABLE_OBJC_ARC = YES;
				CLANG_ENABLE_OBJC_WEAK = YES;
				CLANG_WARN_BLOCK_CAPTURE_AUTORELEASING = YES;
				CLANG_WARN_BOOL_CONVERSION = YES;
				CLANG_WARN_COMMA = YES;
				CLANG_WARN_CONSTANT_CONVERSION = YES;
				CLANG_WARN_DEPRECATED_OBJC_IMPLEMENTATIONS = YES;
				CLANG_WARN_DIRECT_OBJC_ISA_USAGE = YES_ERROR;
				CLANG_WARN_DOCUMENTATION_COMMENTS = YES;
				CLANG_WARN_EMPTY_BODY = YES;
				CLANG_WARN_ENUM_CONVERSION = YES;
				CLANG_WARN_INFINITE_RECURSION = YES;
				CLANG_WARN_INT_CONVERSION = YES;
				CLANG_WARN_NON_LITERAL_NULL_CONVERSION = YES;
				CLANG_WARN_OBJC_IMPLICIT_RETAIN_SELF = YES;
				CLANG_WARN_OBJC_LITERAL_CONVERSION = YES;
				CLANG_WARN_OBJC_ROOT_CLASS = YES_ERROR;
				CLANG_WARN_QUOTED_INCLUDE_IN_FRAMEWORK_HEADER = YES;
				CLANG_WARN_RANGE_LOOP_ANALYSIS = YES;
				CLANG_WARN_STRICT_PROTOTYPES = YES;
				CLANG_WARN_SUSPICIOUS_MOVE = YES;
				CLANG_WARN_UNGUARDED_AVAILABILITY = YES_AGGRESSIVE;
				CLANG_WARN_UNREACHABLE_CODE = YES;
				CLANG_WARN__DUPLICATE_METHOD_MATCH = YES;
				COPY_PHASE_STRIP = NO;
				DEBUG_INFORMATION_FORMAT = "dwarf-with-dsym";
				ENABLE_NS_ASSERTIONS = NO;
				ENABLE_STRICT_OBJC_MSGSEND = YES;
				GCC_C_LANGUAGE_STANDARD = gnu11;
				GCC_NO_COMMON_BLOCKS = YES;
				GCC_WARN_64_TO_32_BIT_CONVERSION = YES;
				GCC_WARN_ABOUT_RETURN_TYPE = YES_ERROR;
				GCC_WARN_UNDECLARED_SELECTOR = YES;
				GCC_WARN_UNINITIALIZED_AUTOS = YES_AGGRESSIVE;
				GCC_WARN_UNUSED_FUNCTION = YES;
				GCC_WARN_UNUSED_VARIABLE = YES;
				IPHONEOS_DEPLOYMENT_TARGET = 15.0;
				MTL_ENABLE_DEBUG_INFO = NO;
				MTL_FAST_MATH = YES;
				ONLY_ACTIVE_ARCH = YES;
				SDKROOT = iphoneos;
				SWIFT_COMPILATION_MODE = wholemodule;
				SWIFT_OPTIMIZATION_LEVEL = "-O";
				VALIDATE_PRODUCT = YES;
				VALIDATE_WORKSPACE = YES;
			};
			name = Release;
		};
		588BD20027733BBF001E6BA8 /* Debug */ = {
			isa = XCBuildConfiguration;
			baseConfigurationReference = 62034FE2D5A57F44CA23EAF4 /* Pods-naverLogin.debug.xcconfig */;
			buildSettings = {
				ASSETCATALOG_COMPILER_APPICON_NAME = AppIcon;
				ASSETCATALOG_COMPILER_GLOBAL_ACCENT_COLOR_NAME = AccentColor;
				CODE_SIGN_STYLE = Automatic;
				CURRENT_PROJECT_VERSION = 1;
				DEVELOPMENT_TEAM = B84Q5QFST2;
				GENERATE_INFOPLIST_FILE = YES;
				INFOPLIST_FILE = naverLogin/Info.plist;
				INFOPLIST_KEY_UIApplicationSupportsIndirectInputEvents = YES;
				INFOPLIST_KEY_UILaunchStoryboardName = LaunchScreen;
				INFOPLIST_KEY_UIMainStoryboardFile = Main;
				INFOPLIST_KEY_UISupportedInterfaceOrientations_iPad = "UIInterfaceOrientationPortrait UIInterfaceOrientationPortraitUpsideDown UIInterfaceOrientationLandscapeLeft UIInterfaceOrientationLandscapeRight";
				INFOPLIST_KEY_UISupportedInterfaceOrientations_iPhone = "UIInterfaceOrientationPortrait UIInterfaceOrientationLandscapeLeft UIInterfaceOrientationLandscapeRight";
				LD_RUNPATH_SEARCH_PATHS = (
					"$(inherited)",
					"@executable_path/Frameworks",
				);
				MARKETING_VERSION = 1.0;
				PRODUCT_BUNDLE_IDENTIFIER = Minjong.naverLogin;
				PRODUCT_NAME = "$(TARGET_NAME)";
				SWIFT_EMIT_LOC_STRINGS = YES;
				SWIFT_VERSION = 5.0;
				TARGETED_DEVICE_FAMILY = "1,2";
			};
			name = Debug;
		};
		588BD20127733BBF001E6BA8 /* Release */ = {
			isa = XCBuildConfiguration;
			baseConfigurationReference = 3F0456120AC31CC6B071B290 /* Pods-naverLogin.release.xcconfig */;
			buildSettings = {
				ASSETCATALOG_COMPILER_APPICON_NAME = AppIcon;
				ASSETCATALOG_COMPILER_GLOBAL_ACCENT_COLOR_NAME = AccentColor;
				CODE_SIGN_STYLE = Automatic;
				CURRENT_PROJECT_VERSION = 1;
				DEVELOPMENT_TEAM = B84Q5QFST2;
				GENERATE_INFOPLIST_FILE = YES;
				INFOPLIST_FILE = naverLogin/Info.plist;
				INFOPLIST_KEY_UIApplicationSupportsIndirectInputEvents = YES;
				INFOPLIST_KEY_UILaunchStoryboardName = LaunchScreen;
				INFOPLIST_KEY_UIMainStoryboardFile = Main;
				INFOPLIST_KEY_UISupportedInterfaceOrientations_iPad = "UIInterfaceOrientationPortrait UIInterfaceOrientationPortraitUpsideDown UIInterfaceOrientationLandscapeLeft UIInterfaceOrientationLandscapeRight";
				INFOPLIST_KEY_UISupportedInterfaceOrientations_iPhone = "UIInterfaceOrientationPortrait UIInterfaceOrientationLandscapeLeft UIInterfaceOrientationLandscapeRight";
				LD_RUNPATH_SEARCH_PATHS = (
					"$(inherited)",
					"@executable_path/Frameworks",
				);
				MARKETING_VERSION = 1.0;
				PRODUCT_BUNDLE_IDENTIFIER = Minjong.naverLogin;
				PRODUCT_NAME = "$(TARGET_NAME)";
				SWIFT_EMIT_LOC_STRINGS = YES;
				SWIFT_VERSION = 5.0;
				TARGETED_DEVICE_FAMILY = "1,2";
			};
			name = Release;
		};
/* End XCBuildConfiguration section */

/* Begin XCConfigurationList section */
		588BD1E627733BBE001E6BA8 /* Build configuration list for PBXProject "naverLogin" */ = {
			isa = XCConfigurationList;
			buildConfigurations = (
				588BD1FD27733BBF001E6BA8 /* Debug */,
				588BD1FE27733BBF001E6BA8 /* Release */,
			);
			defaultConfigurationIsVisible = 0;
			defaultConfigurationName = Release;
		};
		588BD1FF27733BBF001E6BA8 /* Build configuration list for PBXNativeTarget "naverLogin" */ = {
			isa = XCConfigurationList;
			buildConfigurations = (
				588BD20027733BBF001E6BA8 /* Debug */,
				588BD20127733BBF001E6BA8 /* Release */,
			);
			defaultConfigurationIsVisible = 0;
			defaultConfigurationName = Release;
		};
/* End XCConfigurationList section */
	};
	rootObject = 588BD1E327733BBE001E6BA8 /* Project object */;
}
